
Microsoft Visual Studio Solution File, Format Version 12.00
# Visual Studio 2015
Project("{FAE04EC0-301F-11D3-BF4B-00C04F79EFBC}") = "HouseLevel", "HouseLevel.csproj", "{CEE9EEC0-487E-1B75-6399-7E06F8800DB9}"
EndProject
Project("{FAE04EC0-301F-11D3-BF4B-00C04F79EFBC}") = "HouseLevel.Editor", "HouseLevel.Editor.csproj", "{5BB67AA5-5B0B-1277-F31C-E705FDC4610B}"
EndProject
Global
	GlobalSection(SolutionConfigurationPlatforms) = preSolution
		Debug|Any CPU = Debug|Any CPU
		Release|Any CPU = Release|Any CPU
	EndGlobalSection
	GlobalSection(ProjectConfigurationPlatforms) = postSolution
		{CEE9EEC0-487E-1B75-6399-7E06F8800DB9}.Debug|Any CPU.ActiveCfg = Debug|Any CPU
		{CEE9EEC0-487E-1B75-6399-7E06F8800DB9}.Debug|Any CPU.Build.0 = Debug|Any CPU
		{CEE9EEC0-487E-1B75-6399-7E06F8800DB9}.Release|Any CPU.ActiveCfg = Release|Any CPU
		{CEE9EEC0-487E-1B75-6399-7E06F8800DB9}.Release|Any CPU.Build.0 = Release|Any CPU
		{5BB67AA5-5B0B-1277-F31C-E705FDC4610B}.Debug|Any CPU.ActiveCfg = Debug|Any CPU
		{5BB67AA5-5B0B-1277-F31C-E705FDC4610B}.Debug|Any CPU.Build.0 = Debug|Any CPU
		{5BB67AA5-5B0B-1277-F31C-E705FDC4610B}.Release|Any CPU.ActiveCfg = Release|Any CPU
		{5BB67AA5-5B0B-1277-F31C-E705FDC4610B}.Release|Any CPU.Build.0 = Release|Any CPU
	EndGlobalSection
	GlobalSection(SolutionProperties) = preSolution
		HideSolutionNode = FALSE
	EndGlobalSection
EndGlobal
